
Microsoft Visual Studio Solution File, Format Version 12.00
# Visual Studio Version 16
VisualStudioVersion = 16.0.809.7
MinimumVisualStudioVersion = 10.0.40219.1
Project("{FAE04EC0-301F-11D3-BF4B-00C04F79EFBC}") = "BeneficiaryManagement.API", "BeneficiaryManagement.API\BeneficiaryManagement.API.csproj", "{EC490BD9-9D83-4869-BDCE-D24D7752DE2C}"
EndProject
Project("{FAE04EC0-301F-11D3-BF4B-00C04F79EFBC}") = "Features.Core", "Features.Core\Features.Core.csproj", "{0379B2E9-4B65-4FD0-B2E5-072E3080CD51}"
EndProject
Project("{FAE04EC0-301F-11D3-BF4B-00C04F79EFBC}") = "BM.common", "BM.common\BM.common.csproj", "{FB14A0CA-F065-4E14-9542-354F9213B469}"
EndProject
Global
	GlobalSection(SolutionConfigurationPlatforms) = preSolution
		Debug|Any CPU = Debug|Any CPU
		Release|Any CPU = Release|Any CPU
	EndGlobalSection
	GlobalSection(ProjectConfigurationPlatforms) = postSolution
		{EC490BD9-9D83-4869-BDCE-D24D7752DE2C}.Debug|Any CPU.ActiveCfg = Debug|Any CPU
		{EC490BD9-9D83-4869-BDCE-D24D7752DE2C}.Debug|Any CPU.Build.0 = Debug|Any CPU
		{EC490BD9-9D83-4869-BDCE-D24D7752DE2C}.Release|Any CPU.ActiveCfg = Release|Any CPU
		{EC490BD9-9D83-4869-BDCE-D24D7752DE2C}.Release|Any CPU.Build.0 = Release|Any CPU
		{0379B2E9-4B65-4FD0-B2E5-072E3080CD51}.Debug|Any CPU.ActiveCfg = Debug|Any CPU
		{0379B2E9-4B65-4FD0-B2E5-072E3080CD51}.Debug|Any CPU.Build.0 = Debug|Any CPU
		{0379B2E9-4B65-4FD0-B2E5-072E3080CD51}.Release|Any CPU.ActiveCfg = Release|Any CPU
		{0379B2E9-4B65-4FD0-B2E5-072E3080CD51}.Release|Any CPU.Build.0 = Release|Any CPU
		{FB14A0CA-F065-4E14-9542-354F9213B469}.Debug|Any CPU.ActiveCfg = Debug|Any CPU
		{FB14A0CA-F065-4E14-9542-354F9213B469}.Debug|Any CPU.Build.0 = Debug|Any CPU
		{FB14A0CA-F065-4E14-9542-354F9213B469}.Release|Any CPU.ActiveCfg = Release|Any CPU
		{FB14A0CA-F065-4E14-9542-354F9213B469}.Release|Any CPU.Build.0 = Release|Any CPU
	EndGlobalSection
	GlobalSection(SolutionProperties) = preSolution
		HideSolutionNode = FALSE
	EndGlobalSection
	GlobalSection(ExtensibilityGlobals) = postSolution
		SolutionGuid = {0AE64039-AF47-4578-9D86-0CC153708984}
	EndGlobalSection
EndGlobal
